
Microsoft Visual Studio Solution File, Format Version 12.00
# Visual Studio Version 17
VisualStudioVersion = 17.3.32929.385
MinimumVisualStudioVersion = 10.0.40219.1
Project("{FAE04EC0-301F-11D3-BF4B-00C04F79EFBC}") = "OOP_METHOD_CAR", "OOP_METHOD_CAR.csproj", "{B48990E0-75B2-4BFB-8D36-C49DE3CBC88E}"
EndProject
Global
	GlobalSection(SolutionConfigurationPlatforms) = preSolution
		Debug|Any CPU = Debug|Any CPU
		Release|Any CPU = Release|Any CPU
	EndGlobalSection
	GlobalSection(ProjectConfigurationPlatforms) = postSolution
		{B48990E0-75B2-4BFB-8D36-C49DE3CBC88E}.Debug|Any CPU.ActiveCfg = Debug|Any CPU
		{B48990E0-75B2-4BFB-8D36-C49DE3CBC88E}.Debug|Any CPU.Build.0 = Debug|Any CPU
		{B48990E0-75B2-4BFB-8D36-C49DE3CBC88E}.Release|Any CPU.ActiveCfg = Release|Any CPU
		{B48990E0-75B2-4BFB-8D36-C49DE3CBC88E}.Release|Any CPU.Build.0 = Release|Any CPU
	EndGlobalSection
	GlobalSection(SolutionProperties) = preSolution
		HideSolutionNode = FALSE
	EndGlobalSection
	GlobalSection(ExtensibilityGlobals) = postSolution
		SolutionGuid = {A3BB753A-DCBA-4346-8BBA-8D778F5EB2E0}
	EndGlobalSection
EndGlobal
